
Microsoft Visual Studio Solution File, Format Version 11.00
# Visual Studio 2010
Project("{2150E333-8FDC-42A3-9474-1A3956D46DE8}") = "Solution Items", "Solution Items", "{7D3E2457-D544-4E7B-B37D-2ABC18AF884A}"
	ProjectSection(SolutionItems) = preProject
		GraphLight1.vsmdi = GraphLight1.vsmdi
		LocalTestRun.testrunconfig = LocalTestRun.testrunconfig
	EndProjectSection
EndProject
Project("{FAE04EC0-301F-11D3-BF4B-00C04F79EFBC}") = "Version", "Version\Version.csproj", "{A4216E20-0A13-495F-B5A3-882E8E5C5BC9}"
EndProject
Project("{FAE04EC0-301F-11D3-BF4B-00C04F79EFBC}") = "GraphLight (WPF)", "GraphLight\GraphLight (WPF).csproj", "{88C43ADD-4D10-449A-A41D-3E3EB01BAEC2}"
EndProject
Project("{FAE04EC0-301F-11D3-BF4B-00C04F79EFBC}") = "GraphLight.Drawing (WPF)", "GraphLight.Drawing\GraphLight.Drawing (WPF).csproj", "{19D6A2B3-2A59-4408-9492-3EDC35303CCC}"
EndProject
Project("{FAE04EC0-301F-11D3-BF4B-00C04F79EFBC}") = "SplitPolygon", "SplitPolygon\SplitPolygon.csproj", "{5B70BC7C-01FA-4379-9934-26592F7BC7C9}"
EndProject
Project("{FAE04EC0-301F-11D3-BF4B-00C04F79EFBC}") = "SimplexSolver", "SimplexSolver\SimplexSolver.csproj", "{44D9F873-15D1-4EA9-9BD5-5C90DD642B6A}"
EndProject
Project("{FAE04EC0-301F-11D3-BF4B-00C04F79EFBC}") = "GraphLight.Demo (WPF)", "GraphLight.Demo\GraphLight.Demo (WPF).csproj", "{2AB7C669-B3AD-4530-932F-6C4ABE1CD00D}"
EndProject
Project("{FAE04EC0-301F-11D3-BF4B-00C04F79EFBC}") = "GraphEditor", "GraphEditor\GraphEditor.csproj", "{A40EA5F0-C52C-4DD0-81AE-6E77FBDCB3AF}"
EndProject
Global
	GlobalSection(TeamFoundationVersionControl) = preSolution
		SccNumberOfProjects = 8
		SccEnterpriseProvider = {4CA58AB2-18FA-4F8D-95D4-32DDF27D184C}
		SccTeamFoundationServer = https://tfs.codeplex.com/tfs/tfs08
		SccLocalPath0 = .
		SccProjectUniqueName1 = Version\\Version.csproj
		SccProjectName1 = Version
		SccLocalPath1 = Version
		SccProjectUniqueName2 = GraphLight\\GraphLight\u0020(WPF).csproj
		SccProjectName2 = GraphLight
		SccLocalPath2 = GraphLight
		SccProjectUniqueName3 = GraphLight.Drawing\\GraphLight.Drawing\u0020(WPF).csproj
		SccProjectName3 = GraphLight.Drawing
		SccLocalPath3 = GraphLight.Drawing
		SccProjectUniqueName4 = SplitPolygon\\SplitPolygon.csproj
		SccProjectName4 = SplitPolygon
		SccLocalPath4 = SplitPolygon
		SccProjectUniqueName5 = SimplexSolver\\SimplexSolver.csproj
		SccProjectName5 = SimplexSolver
		SccLocalPath5 = SimplexSolver
		SccProjectUniqueName6 = GraphLight.Demo\\GraphLight.Demo\u0020(WPF).csproj
		SccProjectName6 = GraphLight.Demo
		SccLocalPath6 = GraphLight.Demo
		SccProjectUniqueName7 = GraphEditor\\GraphEditor.csproj
		SccProjectName7 = GraphEditor
		SccLocalPath7 = GraphEditor
	EndGlobalSection
	GlobalSection(SolutionConfigurationPlatforms) = preSolution
		Debug|Any CPU = Debug|Any CPU
		Debug|Mixed Platforms = Debug|Mixed Platforms
		Debug|x86 = Debug|x86
		Release|Any CPU = Release|Any CPU
		Release|Mixed Platforms = Release|Mixed Platforms
		Release|x86 = Release|x86
	EndGlobalSection
	GlobalSection(ProjectConfigurationPlatforms) = postSolution
		{A4216E20-0A13-495F-B5A3-882E8E5C5BC9}.Debug|Any CPU.ActiveCfg = Debug|Any CPU
		{A4216E20-0A13-495F-B5A3-882E8E5C5BC9}.Debug|Any CPU.Build.0 = Debug|Any CPU
		{A4216E20-0A13-495F-B5A3-882E8E5C5BC9}.Debug|Mixed Platforms.ActiveCfg = Debug|Any CPU
		{A4216E20-0A13-495F-B5A3-882E8E5C5BC9}.Debug|Mixed Platforms.Build.0 = Debug|Any CPU
		{A4216E20-0A13-495F-B5A3-882E8E5C5BC9}.Debug|x86.ActiveCfg = Debug|x86
		{A4216E20-0A13-495F-B5A3-882E8E5C5BC9}.Debug|x86.Build.0 = Debug|x86
		{A4216E20-0A13-495F-B5A3-882E8E5C5BC9}.Release|Any CPU.ActiveCfg = Debug|Any CPU
		{A4216E20-0A13-495F-B5A3-882E8E5C5BC9}.Release|Any CPU.Build.0 = Debug|Any CPU
		{A4216E20-0A13-495F-B5A3-882E8E5C5BC9}.Release|Mixed Platforms.ActiveCfg = Debug|Any CPU
		{A4216E20-0A13-495F-B5A3-882E8E5C5BC9}.Release|Mixed Platforms.Build.0 = Debug|Any CPU
		{A4216E20-0A13-495F-B5A3-882E8E5C5BC9}.Release|x86.ActiveCfg = Debug|Any CPU
		{88C43ADD-4D10-449A-A41D-3E3EB01BAEC2}.Debug|Any CPU.ActiveCfg = Debug|Any CPU
		{88C43ADD-4D10-449A-A41D-3E3EB01BAEC2}.Debug|Any CPU.Build.0 = Debug|Any CPU
		{88C43ADD-4D10-449A-A41D-3E3EB01BAEC2}.Debug|Mixed Platforms.ActiveCfg = Debug|Any CPU
		{88C43ADD-4D10-449A-A41D-3E3EB01BAEC2}.Debug|Mixed Platforms.Build.0 = Debug|Any CPU
		{88C43ADD-4D10-449A-A41D-3E3EB01BAEC2}.Debug|x86.ActiveCfg = Debug|Any CPU
		{88C43ADD-4D10-449A-A41D-3E3EB01BAEC2}.Release|Any CPU.ActiveCfg = Release|Any CPU
		{88C43ADD-4D10-449A-A41D-3E3EB01BAEC2}.Release|Any CPU.Build.0 = Release|Any CPU
		{88C43ADD-4D10-449A-A41D-3E3EB01BAEC2}.Release|Mixed Platforms.ActiveCfg = Release|Any CPU
		{88C43ADD-4D10-449A-A41D-3E3EB01BAEC2}.Release|Mixed Platforms.Build.0 = Release|Any CPU
		{88C43ADD-4D10-449A-A41D-3E3EB01BAEC2}.Release|x86.ActiveCfg = Release|Any CPU
		{19D6A2B3-2A59-4408-9492-3EDC35303CCC}.Debug|Any CPU.ActiveCfg = Debug|Any CPU
		{19D6A2B3-2A59-4408-9492-3EDC35303CCC}.Debug|Any CPU.Build.0 = Debug|Any CPU
		{19D6A2B3-2A59-4408-9492-3EDC35303CCC}.Debug|Mixed Platforms.ActiveCfg = Debug|Any CPU
		{19D6A2B3-2A59-4408-9492-3EDC35303CCC}.Debug|Mixed Platforms.Build.0 = Debug|Any CPU
		{19D6A2B3-2A59-4408-9492-3EDC35303CCC}.Debug|x86.ActiveCfg = Debug|Any CPU
		{19D6A2B3-2A59-4408-9492-3EDC35303CCC}.Release|Any CPU.ActiveCfg = Release|Any CPU
		{19D6A2B3-2A59-4408-9492-3EDC35303CCC}.Release|Any CPU.Build.0 = Release|Any CPU
		{19D6A2B3-2A59-4408-9492-3EDC35303CCC}.Release|Mixed Platforms.ActiveCfg = Release|Any CPU
		{19D6A2B3-2A59-4408-9492-3EDC35303CCC}.Release|Mixed Platforms.Build.0 = Release|Any CPU
		{19D6A2B3-2A59-4408-9492-3EDC35303CCC}.Release|x86.ActiveCfg = Release|Any CPU
		{5B70BC7C-01FA-4379-9934-26592F7BC7C9}.Debug|Any CPU.ActiveCfg = Debug|Any CPU
		{5B70BC7C-01FA-4379-9934-26592F7BC7C9}.Debug|Any CPU.Build.0 = Debug|Any CPU
		{5B70BC7C-01FA-4379-9934-26592F7BC7C9}.Debug|Mixed Platforms.ActiveCfg = Debug|Any CPU
		{5B70BC7C-01FA-4379-9934-26592F7BC7C9}.Debug|Mixed Platforms.Build.0 = Debug|Any CPU
		{5B70BC7C-01FA-4379-9934-26592F7BC7C9}.Debug|x86.ActiveCfg = Debug|Any CPU
		{5B70BC7C-01FA-4379-9934-26592F7BC7C9}.Release|Any CPU.ActiveCfg = Release|Any CPU
		{5B70BC7C-01FA-4379-9934-26592F7BC7C9}.Release|Any CPU.Build.0 = Release|Any CPU
		{5B70BC7C-01FA-4379-9934-26592F7BC7C9}.Release|Mixed Platforms.ActiveCfg = Release|Any CPU
		{5B70BC7C-01FA-4379-9934-26592F7BC7C9}.Release|Mixed Platforms.Build.0 = Release|Any CPU
		{5B70BC7C-01FA-4379-9934-26592F7BC7C9}.Release|x86.ActiveCfg = Release|Any CPU
		{44D9F873-15D1-4EA9-9BD5-5C90DD642B6A}.Debug|Any CPU.ActiveCfg = Debug|Any CPU
		{44D9F873-15D1-4EA9-9BD5-5C90DD642B6A}.Debug|Any CPU.Build.0 = Debug|Any CPU
		{44D9F873-15D1-4EA9-9BD5-5C90DD642B6A}.Debug|Mixed Platforms.ActiveCfg = Debug|Any CPU
		{44D9F873-15D1-4EA9-9BD5-5C90DD642B6A}.Debug|Mixed Platforms.Build.0 = Debug|Any CPU
		{44D9F873-15D1-4EA9-9BD5-5C90DD642B6A}.Debug|x86.ActiveCfg = Debug|Any CPU
		{44D9F873-15D1-4EA9-9BD5-5C90DD642B6A}.Release|Any CPU.ActiveCfg = Release|Any CPU
		{44D9F873-15D1-4EA9-9BD5-5C90DD642B6A}.Release|Any CPU.Build.0 = Release|Any CPU
		{44D9F873-15D1-4EA9-9BD5-5C90DD642B6A}.Release|Mixed Platforms.ActiveCfg = Release|Any CPU
		{44D9F873-15D1-4EA9-9BD5-5C90DD642B6A}.Release|Mixed Platforms.Build.0 = Release|Any CPU
		{44D9F873-15D1-4EA9-9BD5-5C90DD642B6A}.Release|x86.ActiveCfg = Release|Any CPU
		{2AB7C669-B3AD-4530-932F-6C4ABE1CD00D}.Debug|Any CPU.ActiveCfg = Debug|Any CPU
		{2AB7C669-B3AD-4530-932F-6C4ABE1CD00D}.Debug|Any CPU.Build.0 = Debug|Any CPU
		{2AB7C669-B3AD-4530-932F-6C4ABE1CD00D}.Debug|Mixed Platforms.ActiveCfg = Debug|Any CPU
		{2AB7C669-B3AD-4530-932F-6C4ABE1CD00D}.Debug|Mixed Platforms.Build.0 = Debug|Any CPU
		{2AB7C669-B3AD-4530-932F-6C4ABE1CD00D}.Debug|x86.ActiveCfg = Debug|Any CPU
		{2AB7C669-B3AD-4530-932F-6C4ABE1CD00D}.Release|Any CPU.ActiveCfg = Release|Any CPU
		{2AB7C669-B3AD-4530-932F-6C4ABE1CD00D}.Release|Any CPU.Build.0 = Release|Any CPU
		{2AB7C669-B3AD-4530-932F-6C4ABE1CD00D}.Release|Mixed Platforms.ActiveCfg = Release|Any CPU
		{2AB7C669-B3AD-4530-932F-6C4ABE1CD00D}.Release|Mixed Platforms.Build.0 = Release|Any CPU
		{2AB7C669-B3AD-4530-932F-6C4ABE1CD00D}.Release|x86.ActiveCfg = Release|Any CPU
		{A40EA5F0-C52C-4DD0-81AE-6E77FBDCB3AF}.Debug|Any CPU.ActiveCfg = Debug|x86
		{A40EA5F0-C52C-4DD0-81AE-6E77FBDCB3AF}.Debug|Mixed Platforms.ActiveCfg = Debug|x86
		{A40EA5F0-C52C-4DD0-81AE-6E77FBDCB3AF}.Debug|Mixed Platforms.Build.0 = Debug|x86
		{A40EA5F0-C52C-4DD0-81AE-6E77FBDCB3AF}.Debug|x86.ActiveCfg = Debug|x86
		{A40EA5F0-C52C-4DD0-81AE-6E77FBDCB3AF}.Debug|x86.Build.0 = Debug|x86
		{A40EA5F0-C52C-4DD0-81AE-6E77FBDCB3AF}.Release|Any CPU.ActiveCfg = Release|x86
		{A40EA5F0-C52C-4DD0-81AE-6E77FBDCB3AF}.Release|Mixed Platforms.ActiveCfg = Release|x86
		{A40EA5F0-C52C-4DD0-81AE-6E77FBDCB3AF}.Release|Mixed Platforms.Build.0 = Release|x86
		{A40EA5F0-C52C-4DD0-81AE-6E77FBDCB3AF}.Release|x86.ActiveCfg = Release|x86
		{A40EA5F0-C52C-4DD0-81AE-6E77FBDCB3AF}.Release|x86.Build.0 = Release|x86
	EndGlobalSection
	GlobalSection(SolutionProperties) = preSolution
		HideSolutionNode = FALSE
	EndGlobalSection
EndGlobal
