
Microsoft Visual Studio Solution File, Format Version 12.00
# Visual Studio Version 16
VisualStudioVersion = 16.0.30320.27
MinimumVisualStudioVersion = 10.0.40219.1
Project("{FAE04EC0-301F-11D3-BF4B-00C04F79EFBC}") = "GraphLight (WPF)", "GraphLight.Drawing\GraphLight (WPF).csproj", "{19D6A2B3-2A59-4408-9492-3EDC35303CCC}"
EndProject
Project("{FAE04EC0-301F-11D3-BF4B-00C04F79EFBC}") = "GraphLight.Demo (WPF)", "GraphLight.Demo\GraphLight.Demo (WPF).csproj", "{2AB7C669-B3AD-4530-932F-6C4ABE1CD00D}"
EndProject
Project("{FAE04EC0-301F-11D3-BF4B-00C04F79EFBC}") = "Version", "Version\Version.csproj", "{A4216E20-0A13-495F-B5A3-882E8E5C5BC9}"
EndProject
Project("{FAE04EC0-301F-11D3-BF4B-00C04F79EFBC}") = "GraphLight.Test (WPF)", "GraphLight.Test\GraphLight.Test (WPF).csproj", "{12957628-3C32-40C9-B24A-85EBC6FD124C}"
EndProject
Project("{FAE04EC0-301F-11D3-BF4B-00C04F79EFBC}") = "GraphLight.Prefomance", "GraphLight.Prefomance\GraphLight.Prefomance.csproj", "{684ECC46-830B-487B-AF21-DF66F38C03CC}"
EndProject
Project("{2150E333-8FDC-42A3-9474-1A3956D46DE8}") = "Tests", "Tests", "{68EDD0B3-692C-4F6A-A6B0-5ABCAB9F5508}"
	ProjectSection(SolutionItems) = preProject
		GraphLight.testsettings = GraphLight.testsettings
		GraphLight.vsmdi = GraphLight.vsmdi
	EndProjectSection
EndProject
Global
	GlobalSection(SolutionConfigurationPlatforms) = preSolution
		Debug|Any CPU = Debug|Any CPU
		Debug|Mixed Platforms = Debug|Mixed Platforms
		Debug|x86 = Debug|x86
		Release|Any CPU = Release|Any CPU
		Release|Mixed Platforms = Release|Mixed Platforms
		Release|x86 = Release|x86
	EndGlobalSection
	GlobalSection(ProjectConfigurationPlatforms) = postSolution
		{19D6A2B3-2A59-4408-9492-3EDC35303CCC}.Debug|Any CPU.ActiveCfg = Debug|Any CPU
		{19D6A2B3-2A59-4408-9492-3EDC35303CCC}.Debug|Any CPU.Build.0 = Debug|Any CPU
		{19D6A2B3-2A59-4408-9492-3EDC35303CCC}.Debug|Mixed Platforms.ActiveCfg = Debug|Any CPU
		{19D6A2B3-2A59-4408-9492-3EDC35303CCC}.Debug|Mixed Platforms.Build.0 = Debug|Any CPU
		{19D6A2B3-2A59-4408-9492-3EDC35303CCC}.Debug|x86.ActiveCfg = Debug|Any CPU
		{19D6A2B3-2A59-4408-9492-3EDC35303CCC}.Release|Any CPU.ActiveCfg = Release|Any CPU
		{19D6A2B3-2A59-4408-9492-3EDC35303CCC}.Release|Any CPU.Build.0 = Release|Any CPU
		{19D6A2B3-2A59-4408-9492-3EDC35303CCC}.Release|Mixed Platforms.ActiveCfg = Release|Any CPU
		{19D6A2B3-2A59-4408-9492-3EDC35303CCC}.Release|Mixed Platforms.Build.0 = Release|Any CPU
		{19D6A2B3-2A59-4408-9492-3EDC35303CCC}.Release|x86.ActiveCfg = Release|Any CPU
		{2AB7C669-B3AD-4530-932F-6C4ABE1CD00D}.Debug|Any CPU.ActiveCfg = Debug|Any CPU
		{2AB7C669-B3AD-4530-932F-6C4ABE1CD00D}.Debug|Any CPU.Build.0 = Debug|Any CPU
		{2AB7C669-B3AD-4530-932F-6C4ABE1CD00D}.Debug|Mixed Platforms.ActiveCfg = Debug|Any CPU
		{2AB7C669-B3AD-4530-932F-6C4ABE1CD00D}.Debug|Mixed Platforms.Build.0 = Debug|Any CPU
		{2AB7C669-B3AD-4530-932F-6C4ABE1CD00D}.Debug|x86.ActiveCfg = Debug|Any CPU
		{2AB7C669-B3AD-4530-932F-6C4ABE1CD00D}.Release|Any CPU.ActiveCfg = Release|Any CPU
		{2AB7C669-B3AD-4530-932F-6C4ABE1CD00D}.Release|Any CPU.Build.0 = Release|Any CPU
		{2AB7C669-B3AD-4530-932F-6C4ABE1CD00D}.Release|Mixed Platforms.ActiveCfg = Release|Any CPU
		{2AB7C669-B3AD-4530-932F-6C4ABE1CD00D}.Release|Mixed Platforms.Build.0 = Release|Any CPU
		{2AB7C669-B3AD-4530-932F-6C4ABE1CD00D}.Release|x86.ActiveCfg = Release|Any CPU
		{A4216E20-0A13-495F-B5A3-882E8E5C5BC9}.Debug|Any CPU.ActiveCfg = Debug|x86
		{A4216E20-0A13-495F-B5A3-882E8E5C5BC9}.Debug|Mixed Platforms.ActiveCfg = Debug|x86
		{A4216E20-0A13-495F-B5A3-882E8E5C5BC9}.Debug|x86.ActiveCfg = Debug|x86
		{A4216E20-0A13-495F-B5A3-882E8E5C5BC9}.Debug|x86.Build.0 = Debug|x86
		{A4216E20-0A13-495F-B5A3-882E8E5C5BC9}.Release|Any CPU.ActiveCfg = Debug|x86
		{A4216E20-0A13-495F-B5A3-882E8E5C5BC9}.Release|Mixed Platforms.ActiveCfg = Debug|x86
		{A4216E20-0A13-495F-B5A3-882E8E5C5BC9}.Release|x86.ActiveCfg = Debug|x86
		{A4216E20-0A13-495F-B5A3-882E8E5C5BC9}.Release|x86.Build.0 = Debug|x86
		{12957628-3C32-40C9-B24A-85EBC6FD124C}.Debug|Any CPU.ActiveCfg = Debug|Any CPU
		{12957628-3C32-40C9-B24A-85EBC6FD124C}.Debug|Any CPU.Build.0 = Debug|Any CPU
		{12957628-3C32-40C9-B24A-85EBC6FD124C}.Debug|Mixed Platforms.ActiveCfg = Debug|Any CPU
		{12957628-3C32-40C9-B24A-85EBC6FD124C}.Debug|Mixed Platforms.Build.0 = Debug|Any CPU
		{12957628-3C32-40C9-B24A-85EBC6FD124C}.Debug|x86.ActiveCfg = Debug|Any CPU
		{12957628-3C32-40C9-B24A-85EBC6FD124C}.Release|Any CPU.ActiveCfg = Release|Any CPU
		{12957628-3C32-40C9-B24A-85EBC6FD124C}.Release|Any CPU.Build.0 = Release|Any CPU
		{12957628-3C32-40C9-B24A-85EBC6FD124C}.Release|Mixed Platforms.ActiveCfg = Release|Any CPU
		{12957628-3C32-40C9-B24A-85EBC6FD124C}.Release|Mixed Platforms.Build.0 = Release|Any CPU
		{12957628-3C32-40C9-B24A-85EBC6FD124C}.Release|x86.ActiveCfg = Release|Any CPU
		{684ECC46-830B-487B-AF21-DF66F38C03CC}.Debug|Any CPU.ActiveCfg = Debug|x86
		{684ECC46-830B-487B-AF21-DF66F38C03CC}.Debug|Any CPU.Build.0 = Debug|x86
		{684ECC46-830B-487B-AF21-DF66F38C03CC}.Debug|Mixed Platforms.ActiveCfg = Debug|x86
		{684ECC46-830B-487B-AF21-DF66F38C03CC}.Debug|Mixed Platforms.Build.0 = Debug|x86
		{684ECC46-830B-487B-AF21-DF66F38C03CC}.Debug|x86.ActiveCfg = Debug|x86
		{684ECC46-830B-487B-AF21-DF66F38C03CC}.Debug|x86.Build.0 = Debug|x86
		{684ECC46-830B-487B-AF21-DF66F38C03CC}.Release|Any CPU.ActiveCfg = Release|x86
		{684ECC46-830B-487B-AF21-DF66F38C03CC}.Release|Any CPU.Build.0 = Release|x86
		{684ECC46-830B-487B-AF21-DF66F38C03CC}.Release|Mixed Platforms.ActiveCfg = Release|x86
		{684ECC46-830B-487B-AF21-DF66F38C03CC}.Release|Mixed Platforms.Build.0 = Release|x86
		{684ECC46-830B-487B-AF21-DF66F38C03CC}.Release|x86.ActiveCfg = Release|x86
		{684ECC46-830B-487B-AF21-DF66F38C03CC}.Release|x86.Build.0 = Release|x86
	EndGlobalSection
	GlobalSection(SolutionProperties) = preSolution
		HideSolutionNode = FALSE
	EndGlobalSection
	GlobalSection(NestedProjects) = preSolution
		{12957628-3C32-40C9-B24A-85EBC6FD124C} = {68EDD0B3-692C-4F6A-A6B0-5ABCAB9F5508}
		{684ECC46-830B-487B-AF21-DF66F38C03CC} = {68EDD0B3-692C-4F6A-A6B0-5ABCAB9F5508}
	EndGlobalSection
	GlobalSection(ExtensibilityGlobals) = postSolution
		SolutionGuid = {F73AA790-0472-4FF4-A3F8-4BF29821022D}
	EndGlobalSection
	GlobalSection(TestCaseManagementSettings) = postSolution
		CategoryFile = GraphLight1.vsmdi
	EndGlobalSection
EndGlobal
