
Microsoft Visual Studio Solution File, Format Version 11.00
# Visual Studio 2010
Project("{FAE04EC0-301F-11D3-BF4B-00C04F79EFBC}") = "Version", "Version\Version.csproj", "{A4216E20-0A13-495F-B5A3-882E8E5C5BC9}"
EndProject
Project("{FAE04EC0-301F-11D3-BF4B-00C04F79EFBC}") = "GraphLight (SL4)", "GraphLight\GraphLight (SL4).csproj", "{3C7B8AA8-7BF7-44E0-B0A8-061DB7C58E5C}"
	ProjectSection(ProjectDependencies) = postProject
		{A4216E20-0A13-495F-B5A3-882E8E5C5BC9} = {A4216E20-0A13-495F-B5A3-882E8E5C5BC9}
	EndProjectSection
EndProject
Project("{FAE04EC0-301F-11D3-BF4B-00C04F79EFBC}") = "GraphLight.Drawing (SL4)", "GraphLight.Drawing\GraphLight.Drawing (SL4).csproj", "{AA5CDEB9-5887-4D00-9EAF-E8344B164D94}"
	ProjectSection(ProjectDependencies) = postProject
		{A4216E20-0A13-495F-B5A3-882E8E5C5BC9} = {A4216E20-0A13-495F-B5A3-882E8E5C5BC9}
	EndProjectSection
EndProject
Project("{FAE04EC0-301F-11D3-BF4B-00C04F79EFBC}") = "GraphLight.Demo (SL4)", "GraphLight.Demo\GraphLight.Demo (SL4).csproj", "{C8A147CC-7D9E-4FC8-9100-7A955B47C893}"
	ProjectSection(ProjectDependencies) = postProject
		{A4216E20-0A13-495F-B5A3-882E8E5C5BC9} = {A4216E20-0A13-495F-B5A3-882E8E5C5BC9}
	EndProjectSection
EndProject
Global
	GlobalSection(TeamFoundationVersionControl) = preSolution
		SccNumberOfProjects = 5
		SccEnterpriseProvider = {4CA58AB2-18FA-4F8D-95D4-32DDF27D184C}
		SccTeamFoundationServer = https://tfs.codeplex.com/tfs/tfs08
		SccLocalPath0 = .
		SccProjectUniqueName1 = Version\\Version.csproj
		SccProjectName1 = Version
		SccLocalPath1 = Version
		SccProjectUniqueName2 = GraphLight\\GraphLight\u0020(SL4).csproj
		SccProjectName2 = GraphLight
		SccLocalPath2 = GraphLight
		SccProjectUniqueName3 = GraphLight.Demo\\GraphLight.Demo\u0020(SL4).csproj
		SccProjectName3 = GraphLight.Demo
		SccLocalPath3 = GraphLight.Demo
		SccProjectUniqueName4 = GraphLight.Drawing\\GraphLight.Drawing\u0020(SL4).csproj
		SccProjectName4 = GraphLight.Drawing
		SccLocalPath4 = GraphLight.Drawing
	EndGlobalSection
	GlobalSection(TestCaseManagementSettings) = postSolution
		CategoryFile = GraphLight.vsmdi
	EndGlobalSection
	GlobalSection(SolutionConfigurationPlatforms) = preSolution
		Debug|Any CPU = Debug|Any CPU
		Release|Any CPU = Release|Any CPU
	EndGlobalSection
	GlobalSection(ProjectConfigurationPlatforms) = postSolution
		{A4216E20-0A13-495F-B5A3-882E8E5C5BC9}.Debug|Any CPU.ActiveCfg = Debug|x86
		{A4216E20-0A13-495F-B5A3-882E8E5C5BC9}.Release|Any CPU.ActiveCfg = Debug|x86
		{3C7B8AA8-7BF7-44E0-B0A8-061DB7C58E5C}.Debug|Any CPU.ActiveCfg = Debug|Any CPU
		{3C7B8AA8-7BF7-44E0-B0A8-061DB7C58E5C}.Debug|Any CPU.Build.0 = Debug|Any CPU
		{3C7B8AA8-7BF7-44E0-B0A8-061DB7C58E5C}.Release|Any CPU.ActiveCfg = Release|Any CPU
		{3C7B8AA8-7BF7-44E0-B0A8-061DB7C58E5C}.Release|Any CPU.Build.0 = Release|Any CPU
		{AA5CDEB9-5887-4D00-9EAF-E8344B164D94}.Debug|Any CPU.ActiveCfg = Debug|Any CPU
		{AA5CDEB9-5887-4D00-9EAF-E8344B164D94}.Debug|Any CPU.Build.0 = Debug|Any CPU
		{AA5CDEB9-5887-4D00-9EAF-E8344B164D94}.Release|Any CPU.ActiveCfg = Release|Any CPU
		{AA5CDEB9-5887-4D00-9EAF-E8344B164D94}.Release|Any CPU.Build.0 = Release|Any CPU
		{C8A147CC-7D9E-4FC8-9100-7A955B47C893}.Debug|Any CPU.ActiveCfg = Debug|Any CPU
		{C8A147CC-7D9E-4FC8-9100-7A955B47C893}.Debug|Any CPU.Build.0 = Debug|Any CPU
		{C8A147CC-7D9E-4FC8-9100-7A955B47C893}.Release|Any CPU.ActiveCfg = Release|Any CPU
		{C8A147CC-7D9E-4FC8-9100-7A955B47C893}.Release|Any CPU.Build.0 = Release|Any CPU
	EndGlobalSection
	GlobalSection(SolutionProperties) = preSolution
		HideSolutionNode = FALSE
	EndGlobalSection
EndGlobal
